{
  "name": "tuneshift-extension",
  "version": "1.20.3",
  "lockfileVersion": 3,
  "requires": true,
  "packages": {
    "": {
      "name": "tuneshift-extension",
      "version": "1.20.3",
      "license": "MIT",
      "devDependencies": {
        "@soundtouchjs/audio-worklet": "^2.1.0",
        "lucide-static": "^1.31.0",
        "realtime-bpm-analyzer": "5.0.15"
      }
    },
    "node_modules/@soundtouchjs/audio-worklet": {
      "version": "2.1.0",
      "resolved": "https://registry.npmjs.org/@soundtouchjs/audio-worklet/-/audio-worklet-2.1.0.tgz",
      "integrity": "sha512-+LKvyvUx4ErwdD6jiUTHYqm5K7LMr+wGPz9PJufOORdDHL283RL2EsPHmdrtsCaDyapZIX2Xf7NljQVnx9lDwQ==",
      "dev": true,
      "license": "MPL-2.0",
      "dependencies": {
        "@soundtouchjs/core": "2.1.0",
        "@soundtouchjs/interpolation-strategy-lanczos": "2.1.0",
        "@soundtouchjs/worklet-base": "2.1.0"
      }
    },
    "node_modules/@soundtouchjs/core": {
      "version": "2.1.0",
      "resolved": "https://registry.npmjs.org/@soundtouchjs/core/-/core-2.1.0.tgz",
      "integrity": "sha512-LXZ1HPXnyu0iPw+qlxcb48zuIQfP+DZAyRGG2w2/nfdKsJVft3122J6wHO/uVhZwUOjrgjYPrwu6DBkd66KMtA==",
      "dev": true,
      "license": "MPL-2.0",
      "dependencies": {
        "@soundtouchjs/interpolation-strategy-lanczos": "2.1.0"
      }
    },
    "node_modules/@soundtouchjs/interpolation-strategy-lanczos": {
      "version": "2.1.0",
      "resolved": "https://registry.npmjs.org/@soundtouchjs/interpolation-strategy-lanczos/-/interpolation-strategy-lanczos-2.1.0.tgz",
      "integrity": "sha512-Nf/JO03CEVoMcLCo2tQdXg7zC5PkEtcudgonYRjmkFWASj7bc/EX48Qy70L9kt1bfol54x1Fg/xU2os32b6Z2g==",
      "dev": true,
      "license": "MPL-2.0"
    },
    "node_modules/@soundtouchjs/worklet-base": {
      "version": "2.1.0",
      "resolved": "https://registry.npmjs.org/@soundtouchjs/worklet-base/-/worklet-base-2.1.0.tgz",
      "integrity": "sha512-450GQpS1ehZ6iJep/udiUbXFvOtDDoX92Nk4xPp2YzMrkH3uz4tc2TSaZj4qmNy+mgjaIP17vB4pzzVzR3BZoQ==",
      "dev": true,
      "license": "MPL-2.0",
      "dependencies": {
        "@soundtouchjs/core": "2.1.0"
      }
    },
    "node_modules/lucide-static": {
      "version": "1.31.0",
      "resolved": "https://registry.npmjs.org/lucide-static/-/lucide-static-1.31.0.tgz",
      "integrity": "sha512-XFX9NO+gcLsOkXISmeQZYGJa2siGWZc/lgT/BK1b83h9RdOiz3cj1eQP5nWhELiB1KhW5ryk0nmMopOgm/CuSA==",
      "dev": true,
      "license": "ISC"
    },
    "node_modules/realtime-bpm-analyzer": {
      "version": "5.0.15",
      "resolved": "https://registry.npmjs.org/realtime-bpm-analyzer/-/realtime-bpm-analyzer-5.0.15.tgz",
      "integrity": "sha512-LyTQsTOLrGZK7SCiB3dNTDOfr0+IMA/T/YItH1b1PXedsBZu0utg82GwaaOqnWRRZfsP8HiSkcKNk1Nc2F2ZPw==",
      "dev": true,
      "license": "Apache-2.0",
      "workspaces": [
        "examples/*"
      ]
    }
  }
}
